
Microsoft Visual Studio Solution File, Format Version 12.00
# Visual Studio 2013
VisualStudioVersion = 12.0.30501.0
MinimumVisualStudioVersion = 10.0.40219.1
Project("{8BC9CEB8-8B4A-11D0-8D11-00A0C91BC942}") = "20190815", "20190815\20190815.vcxproj", "{484D8374-B8D0-406B-ADE0-A476732E4FF7}"
EndProject
Global
	GlobalSection(SolutionConfigurationPlatforms) = preSolution
		Debug|Win32 = Debug|Win32
		Release|Win32 = Release|Win32
	EndGlobalSection
	GlobalSection(ProjectConfigurationPlatforms) = postSolution
		{484D8374-B8D0-406B-ADE0-A476732E4FF7}.Debug|Win32.ActiveCfg = Debug|Win32
		{484D8374-B8D0-406B-ADE0-A476732E4FF7}.Debug|Win32.Build.0 = Debug|Win32
		{484D8374-B8D0-406B-ADE0-A476732E4FF7}.Release|Win32.ActiveCfg = Release|Win32
		{484D8374-B8D0-406B-ADE0-A476732E4FF7}.Release|Win32.Build.0 = Release|Win32
	EndGlobalSection
	GlobalSection(SolutionProperties) = preSolution
		HideSolutionNode = FALSE
	EndGlobalSection
EndGlobal
